
Microsoft Visual Studio Solution File, Format Version 12.00
# Visual Studio Version 17
VisualStudioVersion = 17.3.32901.215
MinimumVisualStudioVersion = 10.0.40219.1
Project("{9A19103F-16F7-4668-BE54-9A1E7A4F7556}") = "Tasks", "Tasks\Tasks.csproj", "{F7C93DC2-8F53-4314-8B26-B9C53363CDAD}"
EndProject
Project("{9A19103F-16F7-4668-BE54-9A1E7A4F7556}") = "CompositeClassLibrary", "CompositeClassLibrary\CompositeClassLibrary.csproj", "{B32C63BC-9A3B-4CA4-B95A-0CD92B77D6E4}"
EndProject
Project("{9A19103F-16F7-4668-BE54-9A1E7A4F7556}") = "IteratorClassLibrary", "IteratorClassLibrary\IteratorClassLibrary.csproj", "{EDED00B8-2815-4B6F-8B37-18B6B1019A33}"
EndProject
Project("{FAE04EC0-301F-11D3-BF4B-00C04F79EFBC}") = "CommandClassLibrary", "CommandClassLibrary\CommandClassLibrary.csproj", "{293A6F50-3962-405B-B250-BB56B9489F87}"
EndProject
Global
	GlobalSection(SolutionConfigurationPlatforms) = preSolution
		Debug|Any CPU = Debug|Any CPU
		Release|Any CPU = Release|Any CPU
	EndGlobalSection
	GlobalSection(ProjectConfigurationPlatforms) = postSolution
		{F7C93DC2-8F53-4314-8B26-B9C53363CDAD}.Debug|Any CPU.ActiveCfg = Debug|Any CPU
		{F7C93DC2-8F53-4314-8B26-B9C53363CDAD}.Debug|Any CPU.Build.0 = Debug|Any CPU
		{F7C93DC2-8F53-4314-8B26-B9C53363CDAD}.Release|Any CPU.ActiveCfg = Release|Any CPU
		{F7C93DC2-8F53-4314-8B26-B9C53363CDAD}.Release|Any CPU.Build.0 = Release|Any CPU
		{B32C63BC-9A3B-4CA4-B95A-0CD92B77D6E4}.Debug|Any CPU.ActiveCfg = Debug|Any CPU
		{B32C63BC-9A3B-4CA4-B95A-0CD92B77D6E4}.Debug|Any CPU.Build.0 = Debug|Any CPU
		{B32C63BC-9A3B-4CA4-B95A-0CD92B77D6E4}.Release|Any CPU.ActiveCfg = Release|Any CPU
		{B32C63BC-9A3B-4CA4-B95A-0CD92B77D6E4}.Release|Any CPU.Build.0 = Release|Any CPU
		{EDED00B8-2815-4B6F-8B37-18B6B1019A33}.Debug|Any CPU.ActiveCfg = Debug|Any CPU
		{EDED00B8-2815-4B6F-8B37-18B6B1019A33}.Debug|Any CPU.Build.0 = Debug|Any CPU
		{EDED00B8-2815-4B6F-8B37-18B6B1019A33}.Release|Any CPU.ActiveCfg = Release|Any CPU
		{EDED00B8-2815-4B6F-8B37-18B6B1019A33}.Release|Any CPU.Build.0 = Release|Any CPU
		{293A6F50-3962-405B-B250-BB56B9489F87}.Debug|Any CPU.ActiveCfg = Debug|Any CPU
		{293A6F50-3962-405B-B250-BB56B9489F87}.Debug|Any CPU.Build.0 = Debug|Any CPU
		{293A6F50-3962-405B-B250-BB56B9489F87}.Release|Any CPU.ActiveCfg = Release|Any CPU
		{293A6F50-3962-405B-B250-BB56B9489F87}.Release|Any CPU.Build.0 = Release|Any CPU
	EndGlobalSection
	GlobalSection(SolutionProperties) = preSolution
		HideSolutionNode = FALSE
	EndGlobalSection
	GlobalSection(ExtensibilityGlobals) = postSolution
		SolutionGuid = {9ABED01A-4E04-419D-998B-0484250B4A94}
	EndGlobalSection
EndGlobal
